// !$*UTF8*$!
{
	archiveVersion = 1;
	classes = {
	};
	objectVersion = 46;
	objects = {

/* Begin PBXBuildFile section */
		3099B5621E877B7C004604EB /* AppDelegate.swift in Sources */ = {isa = PBXBuildFile; fileRef = 3099B5611E877B7C004604EB /* AppDelegate.swift */; };
		3099B5641E877B7C004604EB /* ViewController.swift in Sources */ = {isa = PBXBuildFile; fileRef = 3099B5631E877B7C004604EB /* ViewController.swift */; };
		3099B5671E877B7C004604EB /* Main.storyboard in Resources */ = {isa = PBXBuildFile; fileRef = 3099B5651E877B7C004604EB /* Main.storyboard */; };
		3099B56A1E877B7C004604EB /* plan_it.xcdatamodeld in Sources */ = {isa = PBXBuildFile; fileRef = 3099B5681E877B7C004604EB /* plan_it.xcdatamodeld */; };
		3099B56C1E877B7C004604EB /* Assets.xcassets in Resources */ = {isa = PBXBuildFile; fileRef = 3099B56B1E877B7C004604EB /* Assets.xcassets */; };
		3099B56F1E877B7C004604EB /* LaunchScreen.storyboard in Resources */ = {isa = PBXBuildFile; fileRef = 3099B56D1E877B7C004604EB /* LaunchScreen.storyboard */; };
/* End PBXBuildFile section */

/* Begin PBXFileReference section */
		3099B55E1E877B7C004604EB /* plan.it.app */ = {isa = PBXFileReference; explicitFileType = wrapper.application; includeInIndex = 0; path = plan.it.app; sourceTree = BUILT_PRODUCTS_DIR; };
		3099B5611E877B7C004604EB /* AppDelegate.swift */ = {isa = PBXFileReference; lastKnownFileType = sourcecode.swift; path = AppDelegate.swift; sourceTree = "<group>"; };
		3099B5631E877B7C004604EB /* ViewController.swift */ = {isa = PBXFileReference; lastKnownFileType = sourcecode.swift; path = ViewController.swift; sourceTree = "<group>"; };
		3099B5661E877B7C004604EB /* Base */ = {isa = PBXFileReference; lastKnownFileType = file.storyboard; name = Base; path = Base.lproj/Main.storyboard; sourceTree = "<group>"; };
		3099B5691E877B7C004604EB /* plan_it.xcdatamodel */ = {isa = PBXFileReference; lastKnownFileType = wrapper.xcdatamodel; path = plan_it.xcdatamodel; sourceTree = "<group>"; };
		3099B56B1E877B7C004604EB /* Assets.xcassets */ = {isa = PBXFileReference; lastKnownFileType = folder.assetcatalog; path = Assets.xcassets; sourceTree = "<group>"; };
		3099B56E1E877B7C004604EB /* Base */ = {isa = PBXFileReference; lastKnownFileType = file.storyboard; name = Base; path = Base.lproj/LaunchScreen.storyboard; sourceTree = "<group>"; };
		3099B5701E877B7C004604EB /* Info.plist */ = {isa = PBXFileReference; lastKnownFileType = text.plist.xml; path = Info.plist; sourceTree = "<group>"; };
/* End PBXFileReference section */

/* Begin PBXFrameworksBuildPhase section */
		3099B55B1E877B7C004604EB /* Frameworks */ = {
			isa = PBXFrameworksBuildPhase;
			buildActionMask = 2147483647;
			files = (
			);
			runOnlyForDeploymentPostprocessing = 0;
		};
/* End PBXFrameworksBuildPhase section */

/* Begin PBXGroup section */
		3099B5551E877B7C004604EB = {
			isa = PBXGroup;
			children = (
				3099B5601E877B7C004604EB /* plan.it */,
				3099B55F1E877B7C004604EB /* Products */,
			);
			sourceTree = "<group>";
		};
		3099B55F1E877B7C004604EB /* Products */ = {
			isa = PBXGroup;
			children = (
				3099B55E1E877B7C004604EB /* plan.it.app */,
			);
			name = Products;
			sourceTree = "<group>";
		};
		3099B5601E877B7C004604EB /* plan.it */ = {
			isa = PBXGroup;
			children = (
				3099B5611E877B7C004604EB /* AppDelegate.swift */,
				3099B5631E877B7C004604EB /* ViewController.swift */,
				3099B5651E877B7C004604EB /* Main.storyboard */,
				3099B56B1E877B7C004604EB /* Assets.xcassets */,
				3099B56D1E877B7C004604EB /* LaunchScreen.storyboard */,
				3099B5701E877B7C004604EB /* Info.plist */,
				3099B5681E877B7C004604EB /* plan_it.xcdatamodeld */,
			);
			path = plan.it;
			sourceTree = "<group>";
		};
/* End PBXGroup section */

/* Begin PBXNativeTarget section */
		3099B55D1E877B7C004604EB /* plan.it */ = {
			isa = PBXNativeTarget;
			buildConfigurationList = 3099B5731E877B7C004604EB /* Build configuration list for PBXNativeTarget "plan.it" */;
			buildPhases = (
				3099B55A1E877B7C004604EB /* Sources */,
				3099B55B1E877B7C004604EB /* Frameworks */,
				3099B55C1E877B7C004604EB /* Resources */,
			);
			buildRules = (
			);
			dependencies = (
			);
			name = plan.it;
			productName = plan.it;
			productReference = 3099B55E1E877B7C004604EB /* plan.it.app */;
			productType = "com.apple.product-type.application";
		};
/* End PBXNativeTarget section */

/* Begin PBXProject section */
		3099B5561E877B7C004604EB /* Project object */ = {
			isa = PBXProject;
			attributes = {
				LastSwiftUpdateCheck = 0820;
				LastUpgradeCheck = 0820;
				ORGANIZATIONNAME = "D Silvv Apps";
				TargetAttributes = {
					3099B55D1E877B7C004604EB = {
						CreatedOnToolsVersion = 8.2.1;
						ProvisioningStyle = Automatic;
					};
				};
			};
			buildConfigurationList = 3099B5591E877B7C004604EB /* Build configuration list for PBXProject "plan.it" */;
			compatibilityVersion = "Xcode 3.2";
			developmentRegion = English;
			hasScannedForEncodings = 0;
			knownRegions = (
				en,
				Base,
			);
			mainGroup = 3099B5551E877B7C004604EB;
			productRefGroup = 3099B55F1E877B7C004604EB /* Products */;
			projectDirPath = "";
			projectRoot = "";
			targets = (
				3099B55D1E877B7C004604EB /* plan.it */,
			);
		};
/* End PBXProject section */

/* Begin PBXResourcesBuildPhase section */
		3099B55C1E877B7C004604EB /* Resources */ = {
			isa = PBXResourcesBuildPhase;
			buildActionMask = 2147483647;
			files = (
				3099B56F1E877B7C004604EB /* LaunchScreen.storyboard in Resources */,
				3099B56C1E877B7C004604EB /* Assets.xcassets in Resources */,
				3099B5671E877B7C004604EB /* Main.storyboard in Resources */,
			);
			runOnlyForDeploymentPostprocessing = 0;
		};
/* End PBXResourcesBuildPhase section */

/* Begin PBXSourcesBuildPhase section */
		3099B55A1E877B7C004604EB /* Sources */ = {
			isa = PBXSourcesBuildPhase;
			buildActionMask = 2147483647;
			files = (
				3099B56A1E877B7C004604EB /* plan_it.xcdatamodeld in Sources */,
				3099B5641E877B7C004604EB /* ViewController.swift in Sources */,
				3099B5621E877B7C004604EB /* AppDelegate.swift in Sources */,
			);
			runOnlyForDeploymentPostprocessing = 0;
		};
/* End PBXSourcesBuildPhase section */

/* Begin PBXVariantGroup section */
		3099B5651E877B7C004604EB /* Main.storyboard */ = {
			isa = PBXVariantGroup;
			children = (
				3099B5661E877B7C004604EB /* Base */,
			);
			name = Main.storyboard;
			sourceTree = "<group>";
		};
		3099B56D1E877B7C004604EB /* LaunchScreen.storyboard */ = {
			isa = PBXVariantGroup;
			children = (
				3099B56E1E877B7C004604EB /* Base */,
			);
			name = LaunchScreen.storyboard;
			sourceTree = "<group>";
		};
/* End PBXVariantGroup section */

/* Begin XCBuildConfiguration section */
		3099B5711E877B7C004604EB /* Debug */ = {
			isa = XCBuildConfiguration;
			buildSettings = {
				ALWAYS_SEARCH_USER_PATHS = NO;
				CLANG_ANALYZER_NONNULL = YES;
				CLANG_CXX_LANGUAGE_STANDARD = "gnu++0x";
				CLANG_CXX_LIBRARY = "libc++";
				CLANG_ENABLE_MODULES = YES;
				CLANG_ENABLE_OBJC_ARC = YES;
				CLANG_WARN_BOOL_CONVERSION = YES;
				CLANG_WARN_CONSTANT_CONVERSION = YES;
				CLANG_WARN_DIRECT_OBJC_ISA_USAGE = YES_ERROR;
				CLANG_WARN_DOCUMENTATION_COMMENTS = YES;
				CLANG_WARN_EMPTY_BODY = YES;
				CLANG_WARN_ENUM_CONVERSION = YES;
				CLANG_WARN_INFINITE_RECURSION = YES;
				CLANG_WARN_INT_CONVERSION = YES;
				CLANG_WARN_OBJC_ROOT_CLASS = YES_ERROR;
				CLANG_WARN_SUSPICIOUS_MOVE = YES;
				CLANG_WARN_UNREACHABLE_CODE = YES;
				CLANG_WARN__DUPLICATE_METHOD_MATCH = YES;
				"CODE_SIGN_IDENTITY[sdk=iphoneos*]" = "iPhone Developer";
				COPY_PHASE_STRIP = NO;
				DEBUG_INFORMATION_FORMAT = dwarf;
				ENABLE_STRICT_OBJC_MSGSEND = YES;
				ENABLE_TESTABILITY = YES;
				GCC_C_LANGUAGE_STANDARD = gnu99;
				GCC_DYNAMIC_NO_PIC = NO;
				GCC_NO_COMMON_BLOCKS = YES;
				GCC_OPTIMIZATION_LEVEL = 0;
				GCC_PREPROCESSOR_DEFINITIONS = (
					"DEBUG=1",
					"$(inherited)",
				);
				GCC_WARN_64_TO_32_BIT_CONVERSION = YES;
				GCC_WARN_ABOUT_RETURN_TYPE = YES_ERROR;
				GCC_WARN_UNDECLARED_SELECTOR = YES;
				GCC_WARN_UNINITIALIZED_AUTOS = YES_AGGRESSIVE;
				GCC_WARN_UNUSED_FUNCTION = YES;
				GCC_WARN_UNUSED_VARIABLE = YES;
				IPHONEOS_DEPLOYMENT_TARGET = 10.2;
				MTL_ENABLE_DEBUG_INFO = YES;
				ONLY_ACTIVE_ARCH = YES;
				SDKROOT = iphoneos;
				SWIFT_ACTIVE_COMPILATION_CONDITIONS = DEBUG;
				SWIFT_OPTIMIZATION_LEVEL = "-Onone";
			};
			name = Debug;
		};
		3099B5721E877B7C004604EB /* Release */ = {
			isa = XCBuildConfiguration;
			buildSettings = {
				ALWAYS_SEARCH_USER_PATHS = NO;
				CLANG_ANALYZER_NONNULL = YES;
				CLANG_CXX_LANGUAGE_STANDARD = "gnu++0x";
				CLANG_CXX_LIBRARY = "libc++";
				CLANG_ENABLE_MODULES = YES;
				CLANG_ENABLE_OBJC_ARC = YES;
				CLANG_WARN_BOOL_CONVERSION = YES;
				CLANG_WARN_CONSTANT_CONVERSION = YES;
				CLANG_WARN_DIRECT_OBJC_ISA_USAGE = YES_ERROR;
				CLANG_WARN_DOCUMENTATION_COMMENTS = YES;
				CLANG_WARN_EMPTY_BODY = YES;
				CLANG_WARN_ENUM_CONVERSION = YES;
				CLANG_WARN_INFINITE_RECURSION = YES;
				CLANG_WARN_INT_CONVERSION = YES;
				CLANG_WARN_OBJC_ROOT_CLASS = YES_ERROR;
				CLANG_WARN_SUSPICIOUS_MOVE = YES;
				CLANG_WARN_UNREACHABLE_CODE = YES;
				CLANG_WARN__DUPLICATE_METHOD_MATCH = YES;
				"CODE_SIGN_IDENTITY[sdk=iphoneos*]" = "iPhone Developer";
				COPY_PHASE_STRIP = NO;
				DEBUG_INFORMATION_FORMAT = "dwarf-with-dsym";
				ENABLE_NS_ASSERTIONS = NO;
				ENABLE_STRICT_OBJC_MSGSEND = YES;
				GCC_C_LANGUAGE_STANDARD = gnu99;
				GCC_NO_COMMON_BLOCKS = YES;
				GCC_WARN_64_TO_32_BIT_CONVERSION = YES;
				GCC_WARN_ABOUT_RETURN_TYPE = YES_ERROR;
				GCC_WARN_UNDECLARED_SELECTOR = YES;
				GCC_WARN_UNINITIALIZED_AUTOS = YES_AGGRESSIVE;
				GCC_WARN_UNUSED_FUNCTION = YES;
				GCC_WARN_UNUSED_VARIABLE = YES;
				IPHONEOS_DEPLOYMENT_TARGET = 10.2;
				MTL_ENABLE_DEBUG_INFO = NO;
				SDKROOT = iphoneos;
				SWIFT_OPTIMIZATION_LEVEL = "-Owholemodule";
				VALIDATE_PRODUCT = YES;
			};
			name = Release;
		};
		3099B5741E877B7C004604EB /* Debug */ = {
			isa = XCBuildConfiguration;
			buildSettings = {
				ASSETCATALOG_COMPILER_APPICON_NAME = AppIcon;
				INFOPLIST_FILE = plan.it/Info.plist;
				LD_RUNPATH_SEARCH_PATHS = "$(inherited) @executable_path/Frameworks";
				PRODUCT_BUNDLE_IDENTIFIER = "com.dsilvvapps.plan-it";
				PRODUCT_NAME = "$(TARGET_NAME)";
				SWIFT_VERSION = 3.0;
			};
			name = Debug;
		};
		3099B5751E877B7C004604EB /* Release */ = {
			isa = XCBuildConfiguration;
			buildSettings = {
				ASSETCATALOG_COMPILER_APPICON_NAME = AppIcon;
				INFOPLIST_FILE = plan.it/Info.plist;
				LD_RUNPATH_SEARCH_PATHS = "$(inherited) @executable_path/Frameworks";
				PRODUCT_BUNDLE_IDENTIFIER = "com.dsilvvapps.plan-it";
				PRODUCT_NAME = "$(TARGET_NAME)";
				SWIFT_VERSION = 3.0;
			};
			name = Release;
		};
/* End XCBuildConfiguration section */

/* Begin XCConfigurationList section */
		3099B5591E877B7C004604EB /* Build configuration list for PBXProject "plan.it" */ = {
			isa = XCConfigurationList;
			buildConfigurations = (
				3099B5711E877B7C004604EB /* Debug */,
				3099B5721E877B7C004604EB /* Release */,
			);
			defaultConfigurationIsVisible = 0;
			defaultConfigurationName = Release;
		};
		3099B5731E877B7C004604EB /* Build configuration list for PBXNativeTarget "plan.it" */ = {
			isa = XCConfigurationList;
			buildConfigurations = (
				3099B5741E877B7C004604EB /* Debug */,
				3099B5751E877B7C004604EB /* Release */,
			);
			defaultConfigurationIsVisible = 0;
		};
/* End XCConfigurationList section */

/* Begin XCVersionGroup section */
		3099B5681E877B7C004604EB /* plan_it.xcdatamodeld */ = {
			isa = XCVersionGroup;
			children = (
				3099B5691E877B7C004604EB /* plan_it.xcdatamodel */,
			);
			currentVersion = 3099B5691E877B7C004604EB /* plan_it.xcdatamodel */;
			path = plan_it.xcdatamodeld;
			sourceTree = "<group>";
			versionGroupType = wrapper.xcdatamodel;
		};
/* End XCVersionGroup section */
	};
	rootObject = 3099B5561E877B7C004604EB /* Project object */;
}
